
Microsoft Visual Studio Solution File, Format Version 12.00
# Visual Studio Version 16
VisualStudioVersion = 16.0.30320.27
MinimumVisualStudioVersion = 10.0.40219.1
Project("{FAE04EC0-301F-11D3-BF4B-00C04F79EFBC}") = "TerrariaUtilites", "TerrariaUtilites\TerrariaUtilites.csproj", "{45EE2BC0-D323-480A-A15D-5BB353723BBC}"
EndProject
Global
	GlobalSection(SolutionConfigurationPlatforms) = preSolution
		Debug|Any CPU = Debug|Any CPU
		Release|Any CPU = Release|Any CPU
	EndGlobalSection
	GlobalSection(ProjectConfigurationPlatforms) = postSolution
		{45EE2BC0-D323-480A-A15D-5BB353723BBC}.Debug|Any CPU.ActiveCfg = Debug|Any CPU
		{45EE2BC0-D323-480A-A15D-5BB353723BBC}.Debug|Any CPU.Build.0 = Debug|Any CPU
		{45EE2BC0-D323-480A-A15D-5BB353723BBC}.Release|Any CPU.ActiveCfg = Release|Any CPU
		{45EE2BC0-D323-480A-A15D-5BB353723BBC}.Release|Any CPU.Build.0 = Release|Any CPU
	EndGlobalSection
	GlobalSection(SolutionProperties) = preSolution
		HideSolutionNode = FALSE
	EndGlobalSection
	GlobalSection(ExtensibilityGlobals) = postSolution
		SolutionGuid = {CD7B392F-DC02-4F4B-A089-865746E2A717}
	EndGlobalSection
EndGlobal
